
Microsoft Visual Studio Solution File, Format Version 12.00
# Visual Studio Version 17
VisualStudioVersion = 17.14.36203.30 d17.14
MinimumVisualStudioVersion = 10.0.40219.1
Project("{FAE04EC0-301F-11D3-BF4B-00C04F79EFBC}") = "DSD601 Pizza App", "DSD601 Pizza App.csproj", "{0E6750E5-7292-4222-BEE3-B89D61EABC90}"
EndProject
Global
	GlobalSection(SolutionConfigurationPlatforms) = preSolution
		Debug|Any CPU = Debug|Any CPU
		Release|Any CPU = Release|Any CPU
	EndGlobalSection
	GlobalSection(ProjectConfigurationPlatforms) = postSolution
		{0E6750E5-7292-4222-BEE3-B89D61EABC90}.Debug|Any CPU.ActiveCfg = Debug|Any CPU
		{0E6750E5-7292-4222-BEE3-B89D61EABC90}.Debug|Any CPU.Build.0 = Debug|Any CPU
		{0E6750E5-7292-4222-BEE3-B89D61EABC90}.Release|Any CPU.ActiveCfg = Release|Any CPU
		{0E6750E5-7292-4222-BEE3-B89D61EABC90}.Release|Any CPU.Build.0 = Release|Any CPU
	EndGlobalSection
	GlobalSection(SolutionProperties) = preSolution
		HideSolutionNode = FALSE
	EndGlobalSection
	GlobalSection(ExtensibilityGlobals) = postSolution
		SolutionGuid = {AE321F39-4DEB-436D-80FB-FEC66491EAEE}
	EndGlobalSection
EndGlobal
